
Microsoft Visual Studio Solution File, Format Version 12.00
# Visual Studio 15
Project("{FAE04EC0-301F-11D3-BF4B-00C04F79EFBC}") = "Assembly-CSharp", "Assembly-CSharp.csproj", "{6AF82146-24A6-5267-07C3-6E6EC75C3125}"
EndProject
Project("{FAE04EC0-301F-11D3-BF4B-00C04F79EFBC}") = "Unity.RenderPipelines.HighDefinition.Config.Runtime", "Unity.RenderPipelines.HighDefinition.Config.Runtime.csproj", "{98EDA52F-B457-5078-8E81-4BC77D5801C9}"
EndProject
Global
	GlobalSection(SolutionConfigurationPlatforms) = preSolution
		Debug|Any CPU = Debug|Any CPU
		Release|Any CPU = Release|Any CPU
	EndGlobalSection
	GlobalSection(ProjectConfigurationPlatforms) = postSolution
		{6AF82146-24A6-5267-07C3-6E6EC75C3125}.Debug|Any CPU.ActiveCfg = Debug|Any CPU
		{6AF82146-24A6-5267-07C3-6E6EC75C3125}.Debug|Any CPU.Build.0 = Debug|Any CPU
		{6AF82146-24A6-5267-07C3-6E6EC75C3125}.Release|Any CPU.ActiveCfg = Release|Any CPU
		{6AF82146-24A6-5267-07C3-6E6EC75C3125}.Release|Any CPU.Build.0 = Release|Any CPU
		{98EDA52F-B457-5078-8E81-4BC77D5801C9}.Debug|Any CPU.ActiveCfg = Debug|Any CPU
		{98EDA52F-B457-5078-8E81-4BC77D5801C9}.Debug|Any CPU.Build.0 = Debug|Any CPU
		{98EDA52F-B457-5078-8E81-4BC77D5801C9}.Release|Any CPU.ActiveCfg = Release|Any CPU
		{98EDA52F-B457-5078-8E81-4BC77D5801C9}.Release|Any CPU.Build.0 = Release|Any CPU
	EndGlobalSection
	GlobalSection(SolutionProperties) = preSolution
		HideSolutionNode = FALSE
	EndGlobalSection
EndGlobal
